Microsoft Visual Studio Solution File, Format Version 12.00
# Visual Studio 2013
Project("{8BC9CEB8-8B4A-11D0-8D11-00A0C91BC942}") = "ALL_BUILD", "ALL_BUILD.vcxproj", "{9F2A6CD8-B83D-4209-B6DC-6E149C6C400A}"
	ProjectSection(ProjectDependencies) = postProject
		{C789C79B-077A-4CE2-A47F-EF4ABC0F27CB} = {C789C79B-077A-4CE2-A47F-EF4ABC0F27CB}
		{0152BE82-C67D-497A-A4B4-12FAAA6CE851} = {0152BE82-C67D-497A-A4B4-12FAAA6CE851}
		{930FE3DC-E3BB-495B-87C0-5DCBEB10B8A8} = {930FE3DC-E3BB-495B-87C0-5DCBEB10B8A8}
		{7CE46BBF-9896-401C-94BD-7CBA1A1192ED} = {7CE46BBF-9896-401C-94BD-7CBA1A1192ED}
		{E4315D79-A7C7-4F0D-8C72-0E5A601EC126} = {E4315D79-A7C7-4F0D-8C72-0E5A601EC126}
		{3795C219-6C68-415E-9896-F644A00360C8} = {3795C219-6C68-415E-9896-F644A00360C8}
	EndProjectSection
EndProject
Project("{8BC9CEB8-8B4A-11D0-8D11-00A0C91BC942}") = "INSTALL", "INSTALL.vcxproj", "{CB7A21A5-CD6A-498C-BF67-5D3BD1D7CF98}"
	ProjectSection(ProjectDependencies) = postProject
		{9F2A6CD8-B83D-4209-B6DC-6E149C6C400A} = {9F2A6CD8-B83D-4209-B6DC-6E149C6C400A}
	EndProjectSection
EndProject
Project("{8BC9CEB8-8B4A-11D0-8D11-00A0C91BC942}") = "RUN_TESTS", "RUN_TESTS.vcxproj", "{2E31D5CD-BA40-4C1C-92CC-606252404535}"
	ProjectSection(ProjectDependencies) = postProject
	EndProjectSection
EndProject
Project("{8BC9CEB8-8B4A-11D0-8D11-00A0C91BC942}") = "ZERO_CHECK", "ZERO_CHECK.vcxproj", "{C789C79B-077A-4CE2-A47F-EF4ABC0F27CB}"
	ProjectSection(ProjectDependencies) = postProject
	EndProjectSection
EndProject
Project("{8BC9CEB8-8B4A-11D0-8D11-00A0C91BC942}") = "parse", "util\parse.vcxproj", "{0152BE82-C67D-497A-A4B4-12FAAA6CE851}"
	ProjectSection(ProjectDependencies) = postProject
		{C789C79B-077A-4CE2-A47F-EF4ABC0F27CB} = {C789C79B-077A-4CE2-A47F-EF4ABC0F27CB}
		{3795C219-6C68-415E-9896-F644A00360C8} = {3795C219-6C68-415E-9896-F644A00360C8}
	EndProjectSection
EndProject
Project("{8BC9CEB8-8B4A-11D0-8D11-00A0C91BC942}") = "read", "util\read.vcxproj", "{930FE3DC-E3BB-495B-87C0-5DCBEB10B8A8}"
	ProjectSection(ProjectDependencies) = postProject
		{C789C79B-077A-4CE2-A47F-EF4ABC0F27CB} = {C789C79B-077A-4CE2-A47F-EF4ABC0F27CB}
		{3795C219-6C68-415E-9896-F644A00360C8} = {3795C219-6C68-415E-9896-F644A00360C8}
	EndProjectSection
EndProject
Project("{8BC9CEB8-8B4A-11D0-8D11-00A0C91BC942}") = "run-tests", "test\run-tests.vcxproj", "{7CE46BBF-9896-401C-94BD-7CBA1A1192ED}"
	ProjectSection(ProjectDependencies) = postProject
		{C789C79B-077A-4CE2-A47F-EF4ABC0F27CB} = {C789C79B-077A-4CE2-A47F-EF4ABC0F27CB}
		{3795C219-6C68-415E-9896-F644A00360C8} = {3795C219-6C68-415E-9896-F644A00360C8}
	EndProjectSection
EndProject
Project("{8BC9CEB8-8B4A-11D0-8D11-00A0C91BC942}") = "sandbox", "util\sandbox.vcxproj", "{E4315D79-A7C7-4F0D-8C72-0E5A601EC126}"
	ProjectSection(ProjectDependencies) = postProject
		{C789C79B-077A-4CE2-A47F-EF4ABC0F27CB} = {C789C79B-077A-4CE2-A47F-EF4ABC0F27CB}
		{3795C219-6C68-415E-9896-F644A00360C8} = {3795C219-6C68-415E-9896-F644A00360C8}
	EndProjectSection
EndProject
Project("{8BC9CEB8-8B4A-11D0-8D11-00A0C91BC942}") = "yaml-cpp", "yaml-cpp.vcxproj", "{3795C219-6C68-415E-9896-F644A00360C8}"
	ProjectSection(ProjectDependencies) = postProject
		{C789C79B-077A-4CE2-A47F-EF4ABC0F27CB} = {C789C79B-077A-4CE2-A47F-EF4ABC0F27CB}
	EndProjectSection
EndProject
Global
	GlobalSection(SolutionConfigurationPlatforms) = preSolution
		Debug|Win32 = Debug|Win32
		Release|Win32 = Release|Win32
		MinSizeRel|Win32 = MinSizeRel|Win32
		RelWithDebInfo|Win32 = RelWithDebInfo|Win32
	EndGlobalSection
	GlobalSection(ProjectConfigurationPlatforms) = postSolution
		{9F2A6CD8-B83D-4209-B6DC-6E149C6C400A}.Debug|Win32.ActiveCfg = Debug|Win32
		{9F2A6CD8-B83D-4209-B6DC-6E149C6C400A}.Debug|Win32.Build.0 = Debug|Win32
		{9F2A6CD8-B83D-4209-B6DC-6E149C6C400A}.Release|Win32.ActiveCfg = Release|Win32
		{9F2A6CD8-B83D-4209-B6DC-6E149C6C400A}.Release|Win32.Build.0 = Release|Win32
		{9F2A6CD8-B83D-4209-B6DC-6E149C6C400A}.MinSizeRel|Win32.ActiveCfg = MinSizeRel|Win32
		{9F2A6CD8-B83D-4209-B6DC-6E149C6C400A}.MinSizeRel|Win32.Build.0 = MinSizeRel|Win32
		{9F2A6CD8-B83D-4209-B6DC-6E149C6C400A}.RelWithDebInfo|Win32.ActiveCfg = RelWithDebInfo|Win32
		{9F2A6CD8-B83D-4209-B6DC-6E149C6C400A}.RelWithDebInfo|Win32.Build.0 = RelWithDebInfo|Win32
		{CB7A21A5-CD6A-498C-BF67-5D3BD1D7CF98}.Debug|Win32.ActiveCfg = Debug|Win32
		{CB7A21A5-CD6A-498C-BF67-5D3BD1D7CF98}.Release|Win32.ActiveCfg = Release|Win32
		{CB7A21A5-CD6A-498C-BF67-5D3BD1D7CF98}.MinSizeRel|Win32.ActiveCfg = MinSizeRel|Win32
		{CB7A21A5-CD6A-498C-BF67-5D3BD1D7CF98}.RelWithDebInfo|Win32.ActiveCfg = RelWithDebInfo|Win32
		{2E31D5CD-BA40-4C1C-92CC-606252404535}.Debug|Win32.ActiveCfg = Debug|Win32
		{2E31D5CD-BA40-4C1C-92CC-606252404535}.Release|Win32.ActiveCfg = Release|Win32
		{2E31D5CD-BA40-4C1C-92CC-606252404535}.MinSizeRel|Win32.ActiveCfg = MinSizeRel|Win32
		{2E31D5CD-BA40-4C1C-92CC-606252404535}.RelWithDebInfo|Win32.ActiveCfg = RelWithDebInfo|Win32
		{C789C79B-077A-4CE2-A47F-EF4ABC0F27CB}.Debug|Win32.ActiveCfg = Debug|Win32
		{C789C79B-077A-4CE2-A47F-EF4ABC0F27CB}.Debug|Win32.Build.0 = Debug|Win32
		{C789C79B-077A-4CE2-A47F-EF4ABC0F27CB}.Release|Win32.ActiveCfg = Release|Win32
		{C789C79B-077A-4CE2-A47F-EF4ABC0F27CB}.Release|Win32.Build.0 = Release|Win32
		{C789C79B-077A-4CE2-A47F-EF4ABC0F27CB}.MinSizeRel|Win32.ActiveCfg = MinSizeRel|Win32
		{C789C79B-077A-4CE2-A47F-EF4ABC0F27CB}.MinSizeRel|Win32.Build.0 = MinSizeRel|Win32
		{C789C79B-077A-4CE2-A47F-EF4ABC0F27CB}.RelWithDebInfo|Win32.ActiveCfg = RelWithDebInfo|Win32
		{C789C79B-077A-4CE2-A47F-EF4ABC0F27CB}.RelWithDebInfo|Win32.Build.0 = RelWithDebInfo|Win32
		{0152BE82-C67D-497A-A4B4-12FAAA6CE851}.Debug|Win32.ActiveCfg = Debug|Win32
		{0152BE82-C67D-497A-A4B4-12FAAA6CE851}.Debug|Win32.Build.0 = Debug|Win32
		{0152BE82-C67D-497A-A4B4-12FAAA6CE851}.Release|Win32.ActiveCfg = Release|Win32
		{0152BE82-C67D-497A-A4B4-12FAAA6CE851}.Release|Win32.Build.0 = Release|Win32
		{0152BE82-C67D-497A-A4B4-12FAAA6CE851}.MinSizeRel|Win32.ActiveCfg = MinSizeRel|Win32
		{0152BE82-C67D-497A-A4B4-12FAAA6CE851}.MinSizeRel|Win32.Build.0 = MinSizeRel|Win32
		{0152BE82-C67D-497A-A4B4-12FAAA6CE851}.RelWithDebInfo|Win32.ActiveCfg = RelWithDebInfo|Win32
		{0152BE82-C67D-497A-A4B4-12FAAA6CE851}.RelWithDebInfo|Win32.Build.0 = RelWithDebInfo|Win32
		{930FE3DC-E3BB-495B-87C0-5DCBEB10B8A8}.Debug|Win32.ActiveCfg = Debug|Win32
		{930FE3DC-E3BB-495B-87C0-5DCBEB10B8A8}.Debug|Win32.Build.0 = Debug|Win32
		{930FE3DC-E3BB-495B-87C0-5DCBEB10B8A8}.Release|Win32.ActiveCfg = Release|Win32
		{930FE3DC-E3BB-495B-87C0-5DCBEB10B8A8}.Release|Win32.Build.0 = Release|Win32
		{930FE3DC-E3BB-495B-87C0-5DCBEB10B8A8}.MinSizeRel|Win32.ActiveCfg = MinSizeRel|Win32
		{930FE3DC-E3BB-495B-87C0-5DCBEB10B8A8}.MinSizeRel|Win32.Build.0 = MinSizeRel|Win32
		{930FE3DC-E3BB-495B-87C0-5DCBEB10B8A8}.RelWithDebInfo|Win32.ActiveCfg = RelWithDebInfo|Win32
		{930FE3DC-E3BB-495B-87C0-5DCBEB10B8A8}.RelWithDebInfo|Win32.Build.0 = RelWithDebInfo|Win32
		{7CE46BBF-9896-401C-94BD-7CBA1A1192ED}.Debug|Win32.ActiveCfg = Debug|Win32
		{7CE46BBF-9896-401C-94BD-7CBA1A1192ED}.Debug|Win32.Build.0 = Debug|Win32
		{7CE46BBF-9896-401C-94BD-7CBA1A1192ED}.Release|Win32.ActiveCfg = Release|Win32
		{7CE46BBF-9896-401C-94BD-7CBA1A1192ED}.Release|Win32.Build.0 = Release|Win32
		{7CE46BBF-9896-401C-94BD-7CBA1A1192ED}.MinSizeRel|Win32.ActiveCfg = MinSizeRel|Win32
		{7CE46BBF-9896-401C-94BD-7CBA1A1192ED}.MinSizeRel|Win32.Build.0 = MinSizeRel|Win32
		{7CE46BBF-9896-401C-94BD-7CBA1A1192ED}.RelWithDebInfo|Win32.ActiveCfg = RelWithDebInfo|Win32
		{7CE46BBF-9896-401C-94BD-7CBA1A1192ED}.RelWithDebInfo|Win32.Build.0 = RelWithDebInfo|Win32
		{E4315D79-A7C7-4F0D-8C72-0E5A601EC126}.Debug|Win32.ActiveCfg = Debug|Win32
		{E4315D79-A7C7-4F0D-8C72-0E5A601EC126}.Debug|Win32.Build.0 = Debug|Win32
		{E4315D79-A7C7-4F0D-8C72-0E5A601EC126}.Release|Win32.ActiveCfg = Release|Win32
		{E4315D79-A7C7-4F0D-8C72-0E5A601EC126}.Release|Win32.Build.0 = Release|Win32
		{E4315D79-A7C7-4F0D-8C72-0E5A601EC126}.MinSizeRel|Win32.ActiveCfg = MinSizeRel|Win32
		{E4315D79-A7C7-4F0D-8C72-0E5A601EC126}.MinSizeRel|Win32.Build.0 = MinSizeRel|Win32
		{E4315D79-A7C7-4F0D-8C72-0E5A601EC126}.RelWithDebInfo|Win32.ActiveCfg = RelWithDebInfo|Win32
		{E4315D79-A7C7-4F0D-8C72-0E5A601EC126}.RelWithDebInfo|Win32.Build.0 = RelWithDebInfo|Win32
		{3795C219-6C68-415E-9896-F644A00360C8}.Debug|Win32.ActiveCfg = Debug|Win32
		{3795C219-6C68-415E-9896-F644A00360C8}.Debug|Win32.Build.0 = Debug|Win32
		{3795C219-6C68-415E-9896-F644A00360C8}.Release|Win32.ActiveCfg = Release|Win32
		{3795C219-6C68-415E-9896-F644A00360C8}.Release|Win32.Build.0 = Release|Win32
		{3795C219-6C68-415E-9896-F644A00360C8}.MinSizeRel|Win32.ActiveCfg = MinSizeRel|Win32
		{3795C219-6C68-415E-9896-F644A00360C8}.MinSizeRel|Win32.Build.0 = MinSizeRel|Win32
		{3795C219-6C68-415E-9896-F644A00360C8}.RelWithDebInfo|Win32.ActiveCfg = RelWithDebInfo|Win32
		{3795C219-6C68-415E-9896-F644A00360C8}.RelWithDebInfo|Win32.Build.0 = RelWithDebInfo|Win32
	EndGlobalSection
	GlobalSection(ExtensibilityGlobals) = postSolution
	EndGlobalSection
	GlobalSection(ExtensibilityAddIns) = postSolution
	EndGlobalSection
EndGlobal
