
Microsoft Visual Studio Solution File, Format Version 12.00
# Visual Studio 2013
VisualStudioVersion = 12.0.21005.1
MinimumVisualStudioVersion = 10.0.40219.1
Project("{8BC9CEB8-8B4A-11D0-8D11-00A0C91BC942}") = "GTest", "..\lib\gtest-1.7.0\GTest.vcxproj", "{C1D206AF-853E-4A7A-8E32-0338A1575C34}"
EndProject
Project("{8BC9CEB8-8B4A-11D0-8D11-00A0C91BC942}") = "Raytracer", "src\Raytracer.vcxproj", "{9B3DBED8-BC6B-4F23-AFAB-93B57B8F1B2A}"
	ProjectSection(ProjectDependencies) = postProject
		{3795C219-6C68-415E-9896-F644A00360C8} = {3795C219-6C68-415E-9896-F644A00360C8}
		{C1D206AF-853E-4A7A-8E32-0338A1575C34} = {C1D206AF-853E-4A7A-8E32-0338A1575C34}
		{81CE8DAF-EBB2-4761-8E45-B71ABCCA8C68} = {81CE8DAF-EBB2-4761-8E45-B71ABCCA8C68}
		{DA956FD3-E143-46F2-9FE5-C77BEBC56B1A} = {DA956FD3-E143-46F2-9FE5-C77BEBC56B1A}
	EndProjectSection
EndProject
Project("{8BC9CEB8-8B4A-11D0-8D11-00A0C91BC942}") = "yaml-cpp static md", "..\lib\yaml-cpp-0.5.1\yaml-cpp.vcxproj", "{3795C219-6C68-415E-9896-F644A00360C8}"
EndProject
Project("{8BC9CEB8-8B4A-11D0-8D11-00A0C91BC942}") = "SDL2", "..\lib\SDL2-2.0.3\VisualC\SDL\SDL_VS2013.vcxproj", "{81CE8DAF-EBB2-4761-8E45-B71ABCCA8C68}"
EndProject
Project("{8BC9CEB8-8B4A-11D0-8D11-00A0C91BC942}") = "SDL2main", "..\lib\SDL2-2.0.3\VisualC\SDLmain\SDLmain_VS2013.vcxproj", "{DA956FD3-E142-46F2-9DD5-C78BEBB56B7A}"
EndProject
Project("{8BC9CEB8-8B4A-11D0-8D11-00A0C91BC942}") = "SDL2test", "..\lib\SDL2-2.0.3\VisualC\SDLtest\SDLtest_VS2013.vcxproj", "{DA956FD3-E143-46F2-9FE5-C77BEBC56B1A}"
EndProject
Global
	GlobalSection(SolutionConfigurationPlatforms) = preSolution
		Debug|Win32 = Debug|Win32
		Debug|x64 = Debug|x64
		MinSizeRel|Win32 = MinSizeRel|Win32
		MinSizeRel|x64 = MinSizeRel|x64
		Release|Win32 = Release|Win32
		Release|x64 = Release|x64
		RelWithDebInfo|Win32 = RelWithDebInfo|Win32
		RelWithDebInfo|x64 = RelWithDebInfo|x64
	EndGlobalSection
	GlobalSection(ProjectConfigurationPlatforms) = postSolution
		{C1D206AF-853E-4A7A-8E32-0338A1575C34}.Debug|Win32.ActiveCfg = Debug|Win32
		{C1D206AF-853E-4A7A-8E32-0338A1575C34}.Debug|Win32.Build.0 = Debug|Win32
		{C1D206AF-853E-4A7A-8E32-0338A1575C34}.Debug|x64.ActiveCfg = Debug|Win32
		{C1D206AF-853E-4A7A-8E32-0338A1575C34}.MinSizeRel|Win32.ActiveCfg = Release|Win32
		{C1D206AF-853E-4A7A-8E32-0338A1575C34}.MinSizeRel|Win32.Build.0 = Release|Win32
		{C1D206AF-853E-4A7A-8E32-0338A1575C34}.MinSizeRel|x64.ActiveCfg = Release|Win32
		{C1D206AF-853E-4A7A-8E32-0338A1575C34}.Release|Win32.ActiveCfg = Release|Win32
		{C1D206AF-853E-4A7A-8E32-0338A1575C34}.Release|Win32.Build.0 = Release|Win32
		{C1D206AF-853E-4A7A-8E32-0338A1575C34}.Release|x64.ActiveCfg = Release|Win32
		{C1D206AF-853E-4A7A-8E32-0338A1575C34}.RelWithDebInfo|Win32.ActiveCfg = Release|Win32
		{C1D206AF-853E-4A7A-8E32-0338A1575C34}.RelWithDebInfo|Win32.Build.0 = Release|Win32
		{C1D206AF-853E-4A7A-8E32-0338A1575C34}.RelWithDebInfo|x64.ActiveCfg = Release|Win32
		{9B3DBED8-BC6B-4F23-AFAB-93B57B8F1B2A}.Debug|Win32.ActiveCfg = Debug|Win32
		{9B3DBED8-BC6B-4F23-AFAB-93B57B8F1B2A}.Debug|Win32.Build.0 = Debug|Win32
		{9B3DBED8-BC6B-4F23-AFAB-93B57B8F1B2A}.Debug|x64.ActiveCfg = Debug|Win32
		{9B3DBED8-BC6B-4F23-AFAB-93B57B8F1B2A}.MinSizeRel|Win32.ActiveCfg = Release|Win32
		{9B3DBED8-BC6B-4F23-AFAB-93B57B8F1B2A}.MinSizeRel|Win32.Build.0 = Release|Win32
		{9B3DBED8-BC6B-4F23-AFAB-93B57B8F1B2A}.MinSizeRel|x64.ActiveCfg = Release|Win32
		{9B3DBED8-BC6B-4F23-AFAB-93B57B8F1B2A}.Release|Win32.ActiveCfg = Release|Win32
		{9B3DBED8-BC6B-4F23-AFAB-93B57B8F1B2A}.Release|Win32.Build.0 = Release|Win32
		{9B3DBED8-BC6B-4F23-AFAB-93B57B8F1B2A}.Release|x64.ActiveCfg = Release|Win32
		{9B3DBED8-BC6B-4F23-AFAB-93B57B8F1B2A}.RelWithDebInfo|Win32.ActiveCfg = Release|Win32
		{9B3DBED8-BC6B-4F23-AFAB-93B57B8F1B2A}.RelWithDebInfo|Win32.Build.0 = Release|Win32
		{9B3DBED8-BC6B-4F23-AFAB-93B57B8F1B2A}.RelWithDebInfo|x64.ActiveCfg = Release|Win32
		{3795C219-6C68-415E-9896-F644A00360C8}.Debug|Win32.ActiveCfg = Debug|Win32
		{3795C219-6C68-415E-9896-F644A00360C8}.Debug|Win32.Build.0 = Debug|Win32
		{3795C219-6C68-415E-9896-F644A00360C8}.Debug|x64.ActiveCfg = Debug|Win32
		{3795C219-6C68-415E-9896-F644A00360C8}.MinSizeRel|Win32.ActiveCfg = MinSizeRel|Win32
		{3795C219-6C68-415E-9896-F644A00360C8}.MinSizeRel|Win32.Build.0 = MinSizeRel|Win32
		{3795C219-6C68-415E-9896-F644A00360C8}.MinSizeRel|x64.ActiveCfg = MinSizeRel|Win32
		{3795C219-6C68-415E-9896-F644A00360C8}.Release|Win32.ActiveCfg = Release|Win32
		{3795C219-6C68-415E-9896-F644A00360C8}.Release|Win32.Build.0 = Release|Win32
		{3795C219-6C68-415E-9896-F644A00360C8}.Release|x64.ActiveCfg = Release|Win32
		{3795C219-6C68-415E-9896-F644A00360C8}.RelWithDebInfo|Win32.ActiveCfg = RelWithDebInfo|Win32
		{3795C219-6C68-415E-9896-F644A00360C8}.RelWithDebInfo|Win32.Build.0 = RelWithDebInfo|Win32
		{3795C219-6C68-415E-9896-F644A00360C8}.RelWithDebInfo|x64.ActiveCfg = RelWithDebInfo|Win32
		{81CE8DAF-EBB2-4761-8E45-B71ABCCA8C68}.Debug|Win32.ActiveCfg = Debug|Win32
		{81CE8DAF-EBB2-4761-8E45-B71ABCCA8C68}.Debug|Win32.Build.0 = Debug|Win32
		{81CE8DAF-EBB2-4761-8E45-B71ABCCA8C68}.Debug|x64.ActiveCfg = Debug|x64
		{81CE8DAF-EBB2-4761-8E45-B71ABCCA8C68}.Debug|x64.Build.0 = Debug|x64
		{81CE8DAF-EBB2-4761-8E45-B71ABCCA8C68}.MinSizeRel|Win32.ActiveCfg = Release|Win32
		{81CE8DAF-EBB2-4761-8E45-B71ABCCA8C68}.MinSizeRel|Win32.Build.0 = Release|Win32
		{81CE8DAF-EBB2-4761-8E45-B71ABCCA8C68}.MinSizeRel|x64.ActiveCfg = Release|x64
		{81CE8DAF-EBB2-4761-8E45-B71ABCCA8C68}.MinSizeRel|x64.Build.0 = Release|x64
		{81CE8DAF-EBB2-4761-8E45-B71ABCCA8C68}.Release|Win32.ActiveCfg = Release|Win32
		{81CE8DAF-EBB2-4761-8E45-B71ABCCA8C68}.Release|Win32.Build.0 = Release|Win32
		{81CE8DAF-EBB2-4761-8E45-B71ABCCA8C68}.Release|x64.ActiveCfg = Release|x64
		{81CE8DAF-EBB2-4761-8E45-B71ABCCA8C68}.Release|x64.Build.0 = Release|x64
		{81CE8DAF-EBB2-4761-8E45-B71ABCCA8C68}.RelWithDebInfo|Win32.ActiveCfg = Release|Win32
		{81CE8DAF-EBB2-4761-8E45-B71ABCCA8C68}.RelWithDebInfo|Win32.Build.0 = Release|Win32
		{81CE8DAF-EBB2-4761-8E45-B71ABCCA8C68}.RelWithDebInfo|x64.ActiveCfg = Release|x64
		{81CE8DAF-EBB2-4761-8E45-B71ABCCA8C68}.RelWithDebInfo|x64.Build.0 = Release|x64
		{DA956FD3-E142-46F2-9DD5-C78BEBB56B7A}.Debug|Win32.ActiveCfg = Debug|Win32
		{DA956FD3-E142-46F2-9DD5-C78BEBB56B7A}.Debug|Win32.Build.0 = Debug|Win32
		{DA956FD3-E142-46F2-9DD5-C78BEBB56B7A}.Debug|x64.ActiveCfg = Debug|x64
		{DA956FD3-E142-46F2-9DD5-C78BEBB56B7A}.Debug|x64.Build.0 = Debug|x64
		{DA956FD3-E142-46F2-9DD5-C78BEBB56B7A}.MinSizeRel|Win32.ActiveCfg = Release|Win32
		{DA956FD3-E142-46F2-9DD5-C78BEBB56B7A}.MinSizeRel|Win32.Build.0 = Release|Win32
		{DA956FD3-E142-46F2-9DD5-C78BEBB56B7A}.MinSizeRel|x64.ActiveCfg = Release|x64
		{DA956FD3-E142-46F2-9DD5-C78BEBB56B7A}.MinSizeRel|x64.Build.0 = Release|x64
		{DA956FD3-E142-46F2-9DD5-C78BEBB56B7A}.Release|Win32.ActiveCfg = Release|Win32
		{DA956FD3-E142-46F2-9DD5-C78BEBB56B7A}.Release|Win32.Build.0 = Release|Win32
		{DA956FD3-E142-46F2-9DD5-C78BEBB56B7A}.Release|x64.ActiveCfg = Release|x64
		{DA956FD3-E142-46F2-9DD5-C78BEBB56B7A}.Release|x64.Build.0 = Release|x64
		{DA956FD3-E142-46F2-9DD5-C78BEBB56B7A}.RelWithDebInfo|Win32.ActiveCfg = Release|Win32
		{DA956FD3-E142-46F2-9DD5-C78BEBB56B7A}.RelWithDebInfo|Win32.Build.0 = Release|Win32
		{DA956FD3-E142-46F2-9DD5-C78BEBB56B7A}.RelWithDebInfo|x64.ActiveCfg = Release|x64
		{DA956FD3-E142-46F2-9DD5-C78BEBB56B7A}.RelWithDebInfo|x64.Build.0 = Release|x64
		{DA956FD3-E143-46F2-9FE5-C77BEBC56B1A}.Debug|Win32.ActiveCfg = Debug|Win32
		{DA956FD3-E143-46F2-9FE5-C77BEBC56B1A}.Debug|Win32.Build.0 = Debug|Win32
		{DA956FD3-E143-46F2-9FE5-C77BEBC56B1A}.Debug|x64.ActiveCfg = Debug|x64
		{DA956FD3-E143-46F2-9FE5-C77BEBC56B1A}.Debug|x64.Build.0 = Debug|x64
		{DA956FD3-E143-46F2-9FE5-C77BEBC56B1A}.MinSizeRel|Win32.ActiveCfg = Release|Win32
		{DA956FD3-E143-46F2-9FE5-C77BEBC56B1A}.MinSizeRel|Win32.Build.0 = Release|Win32
		{DA956FD3-E143-46F2-9FE5-C77BEBC56B1A}.MinSizeRel|x64.ActiveCfg = Release|x64
		{DA956FD3-E143-46F2-9FE5-C77BEBC56B1A}.MinSizeRel|x64.Build.0 = Release|x64
		{DA956FD3-E143-46F2-9FE5-C77BEBC56B1A}.Release|Win32.ActiveCfg = Release|Win32
		{DA956FD3-E143-46F2-9FE5-C77BEBC56B1A}.Release|Win32.Build.0 = Release|Win32
		{DA956FD3-E143-46F2-9FE5-C77BEBC56B1A}.Release|x64.ActiveCfg = Release|x64
		{DA956FD3-E143-46F2-9FE5-C77BEBC56B1A}.Release|x64.Build.0 = Release|x64
		{DA956FD3-E143-46F2-9FE5-C77BEBC56B1A}.RelWithDebInfo|Win32.ActiveCfg = Release|Win32
		{DA956FD3-E143-46F2-9FE5-C77BEBC56B1A}.RelWithDebInfo|Win32.Build.0 = Release|Win32
		{DA956FD3-E143-46F2-9FE5-C77BEBC56B1A}.RelWithDebInfo|x64.ActiveCfg = Release|x64
		{DA956FD3-E143-46F2-9FE5-C77BEBC56B1A}.RelWithDebInfo|x64.Build.0 = Release|x64
	EndGlobalSection
	GlobalSection(SolutionProperties) = preSolution
		HideSolutionNode = FALSE
	EndGlobalSection
EndGlobal
