<?xml version="1.0" encoding="utf-8"?>
<Project ToolsVersion="4.0" xmlns="http://schemas.microsoft.com/developer/msbuild/2003">
  <ItemGroup>
    <Filter Include="Source Files">
      <UniqueIdentifier>{4FC737F1-C7A5-4376-A066-2A32D752A2FF}</UniqueIdentifier>
      <Extensions>cpp;c;cc;cxx;def;odl;idl;hpj;bat;asm;asmx</Extensions>
    </Filter>
    <Filter Include="Header Files">
      <UniqueIdentifier>{93995380-89BD-4b04-88EB-625FBE52EBFB}</UniqueIdentifier>
      <Extensions>h;hh;hpp;hxx;hm;inl;inc;xsd</Extensions>
    </Filter>
    <Filter Include="Source Files\Core">
      <UniqueIdentifier>{0a8485b7-3ba9-4b0b-9bee-503fb1ac78a2}</UniqueIdentifier>
    </Filter>
    <Filter Include="Data">
      <UniqueIdentifier>{77b56e82-8af4-40a2-8302-18ef5de37594}</UniqueIdentifier>
    </Filter>
    <Filter Include="Source Files\World">
      <UniqueIdentifier>{ceef8b9f-879c-44c9-afad-4b83c63392d0}</UniqueIdentifier>
    </Filter>
    <Filter Include="Source Files\unittests">
      <UniqueIdentifier>{e8c4fc63-2a51-4138-af0a-d3642d50c082}</UniqueIdentifier>
    </Filter>
    <Filter Include="Source Files\CollidableObjects">
      <UniqueIdentifier>{e378f929-bb5c-4482-aef6-2cdfdf8d7d88}</UniqueIdentifier>
    </Filter>
  </ItemGroup>
  <ItemGroup>
    <Text Include="Objects.txt">
      <Filter>Data</Filter>
    </Text>
    <Text Include="unittest.txt">
      <Filter>Data</Filter>
    </Text>
    <Text Include="unittest.yaml">
      <Filter>Data</Filter>
    </Text>
  </ItemGroup>
  <ItemGroup>
    <ClInclude Include="stdafx.h">
      <Filter>Header Files</Filter>
    </ClInclude>
    <ClInclude Include="targetver.h">
      <Filter>Header Files</Filter>
    </ClInclude>
    <ClInclude Include="Vector3d.h">
      <Filter>Header Files</Filter>
    </ClInclude>
    <ClInclude Include="Sphere.h">
      <Filter>Header Files</Filter>
    </ClInclude>
    <ClInclude Include="Point.h">
      <Filter>Header Files</Filter>
    </ClInclude>
    <ClInclude Include="Ray.h">
      <Filter>Header Files</Filter>
    </ClInclude>
    <ClInclude Include="Camera.h">
      <Filter>Header Files</Filter>
    </ClInclude>
    <ClInclude Include="WorldManager.h">
      <Filter>Header Files</Filter>
    </ClInclude>
    <ClInclude Include="Factory.h">
      <Filter>Header Files</Filter>
    </ClInclude>
    <ClInclude Include="DeserializeData.h">
      <Filter>Header Files</Filter>
    </ClInclude>
    <ClInclude Include="TestWorldManager.h">
      <Filter>Source Files\unittests</Filter>
    </ClInclude>
    <ClInclude Include="CollidableObject.h">
      <Filter>Header Files</Filter>
    </ClInclude>
    <ClInclude Include="RendererSDL.h">
      <Filter>Header Files</Filter>
    </ClInclude>
    <ClInclude Include="IFileLoader.h">
      <Filter>Header Files</Filter>
    </ClInclude>
    <ClInclude Include="ErrorObject.h">
      <Filter>Header Files</Filter>
    </ClInclude>
    <ClInclude Include="IRenderer.h">
      <Filter>Header Files</Filter>
    </ClInclude>
    <ClInclude Include="RaytracerTypes.h">
      <Filter>Header Files</Filter>
    </ClInclude>
    <ClInclude Include="InfinitePlane.h">
      <Filter>Header Files</Filter>
    </ClInclude>
    <ClInclude Include="LpcMath.h">
      <Filter>Header Files</Filter>
    </ClInclude>
    <ClInclude Include="Object.h">
      <Filter>Header Files</Filter>
    </ClInclude>
    <ClInclude Include="YamlFileLoader.h">
      <Filter>Header Files</Filter>
    </ClInclude>
    <ClInclude Include="Plane.h">
      <Filter>Header Files</Filter>
    </ClInclude>
    <ClInclude Include="Triangle.h">
      <Filter>Header Files</Filter>
    </ClInclude>
    <ClInclude Include="Material.h">
      <Filter>Header Files</Filter>
    </ClInclude>
  </ItemGroup>
  <ItemGroup>
    <ClCompile Include="stdafx.cpp">
      <Filter>Source Files</Filter>
    </ClCompile>
    <ClCompile Include="Vector3d.cpp">
      <Filter>Source Files\Core</Filter>
    </ClCompile>
    <ClCompile Include="Point.cpp">
      <Filter>Source Files\CollidableObjects</Filter>
    </ClCompile>
    <ClCompile Include="Sphere.cpp">
      <Filter>Source Files\CollidableObjects</Filter>
    </ClCompile>
    <ClCompile Include="Ray.cpp">
      <Filter>Source Files\CollidableObjects</Filter>
    </ClCompile>
    <ClCompile Include="Main.cpp">
      <Filter>Source Files</Filter>
    </ClCompile>
    <ClCompile Include="WorldManager.cpp">
      <Filter>Source Files\World</Filter>
    </ClCompile>
    <ClCompile Include="Camera.cpp">
      <Filter>Source Files\World</Filter>
    </ClCompile>
    <ClCompile Include="Factory.cpp">
      <Filter>Source Files\Core</Filter>
    </ClCompile>
    <ClCompile Include="TestWorldManager.cpp">
      <Filter>Source Files\unittests</Filter>
    </ClCompile>
    <ClCompile Include="CollidableObject.cpp">
      <Filter>Source Files\CollidableObjects</Filter>
    </ClCompile>
    <ClCompile Include="RendererSDL.cpp">
      <Filter>Source Files\World</Filter>
    </ClCompile>
    <ClCompile Include="ErrorObject.cpp">
      <Filter>Source Files\CollidableObjects</Filter>
    </ClCompile>
    <ClCompile Include="Object.cpp">
      <Filter>Source Files\Core</Filter>
    </ClCompile>
    <ClCompile Include="YamlFileLoader.cpp">
      <Filter>Source Files\World</Filter>
    </ClCompile>
    <ClCompile Include="IFileLoader.cpp">
      <Filter>Source Files\Core</Filter>
    </ClCompile>
    <ClCompile Include="InfinitePlane.cpp">
      <Filter>Source Files\CollidableObjects</Filter>
    </ClCompile>
    <ClCompile Include="LpcMath.cpp">
      <Filter>Source Files\Core</Filter>
    </ClCompile>
    <ClCompile Include="Triangle.cpp">
      <Filter>Source Files\CollidableObjects</Filter>
    </ClCompile>
    <ClCompile Include="Plane.cpp">
      <Filter>Source Files\CollidableObjects</Filter>
    </ClCompile>
    <ClCompile Include="Material.cpp">
      <Filter>Source Files\Core</Filter>
    </ClCompile>
  </ItemGroup>
  <ItemGroup>
    <None Include="Object.yaml">
      <Filter>Data</Filter>
    </None>
  </ItemGroup>
</Project>